
Microsoft Visual Studio Solution File, Format Version 12.00
# Visual Studio Version 16
VisualStudioVersion = 16.0.31229.75
MinimumVisualStudioVersion = 10.0.40219.1
Project("{FAE04EC0-301F-11D3-BF4B-00C04F79EFBC}") = "CachingMvcDemo", "CachingMvcDemo.csproj", "{2AB3DDEF-F878-416A-ACC3-79F81DB686BE}"
EndProject
Project("{FAE04EC0-301F-11D3-BF4B-00C04F79EFBC}") = "NorthwindLibBAL", "..\NorthwindLibBAL\NorthwindLibBAL.csproj", "{AF833755-56E0-41A9-839A-C70FCDC2D39A}"
EndProject
Project("{FAE04EC0-301F-11D3-BF4B-00C04F79EFBC}") = "NorthwindDAL", "..\NorthwindDAL\NorthwindDAL.csproj", "{6B95A4A5-DA08-4D23-940D-A1DFBFB08E4E}"
EndProject
Global
	GlobalSection(SolutionConfigurationPlatforms) = preSolution
		Debug|Any CPU = Debug|Any CPU
		Release|Any CPU = Release|Any CPU
	EndGlobalSection
	GlobalSection(ProjectConfigurationPlatforms) = postSolution
		{2AB3DDEF-F878-416A-ACC3-79F81DB686BE}.Debug|Any CPU.ActiveCfg = Debug|Any CPU
		{2AB3DDEF-F878-416A-ACC3-79F81DB686BE}.Debug|Any CPU.Build.0 = Debug|Any CPU
		{2AB3DDEF-F878-416A-ACC3-79F81DB686BE}.Release|Any CPU.ActiveCfg = Release|Any CPU
		{2AB3DDEF-F878-416A-ACC3-79F81DB686BE}.Release|Any CPU.Build.0 = Release|Any CPU
		{AF833755-56E0-41A9-839A-C70FCDC2D39A}.Debug|Any CPU.ActiveCfg = Debug|Any CPU
		{AF833755-56E0-41A9-839A-C70FCDC2D39A}.Debug|Any CPU.Build.0 = Debug|Any CPU
		{AF833755-56E0-41A9-839A-C70FCDC2D39A}.Release|Any CPU.ActiveCfg = Release|Any CPU
		{AF833755-56E0-41A9-839A-C70FCDC2D39A}.Release|Any CPU.Build.0 = Release|Any CPU
		{6B95A4A5-DA08-4D23-940D-A1DFBFB08E4E}.Debug|Any CPU.ActiveCfg = Debug|Any CPU
		{6B95A4A5-DA08-4D23-940D-A1DFBFB08E4E}.Debug|Any CPU.Build.0 = Debug|Any CPU
		{6B95A4A5-DA08-4D23-940D-A1DFBFB08E4E}.Release|Any CPU.ActiveCfg = Release|Any CPU
		{6B95A4A5-DA08-4D23-940D-A1DFBFB08E4E}.Release|Any CPU.Build.0 = Release|Any CPU
	EndGlobalSection
	GlobalSection(SolutionProperties) = preSolution
		HideSolutionNode = FALSE
	EndGlobalSection
	GlobalSection(ExtensibilityGlobals) = postSolution
		SolutionGuid = {2ED91E4B-18CC-45CC-8E2B-6457EF898E3E}
	EndGlobalSection
EndGlobal
